
Microsoft Visual Studio Solution File, Format Version 12.00
# Visual Studio Version 16
VisualStudioVersion = 16.0.31410.357
MinimumVisualStudioVersion = 10.0.40219.1
Project("{FAE04EC0-301F-11D3-BF4B-00C04F79EFBC}") = "ODEV", "ODEV\ODEV.csproj", "{B2B56859-642E-4F15-A2AF-109798087666}"
EndProject
Global
	GlobalSection(SolutionConfigurationPlatforms) = preSolution
		Debug|Any CPU = Debug|Any CPU
		Release|Any CPU = Release|Any CPU
	EndGlobalSection
	GlobalSection(ProjectConfigurationPlatforms) = postSolution
		{B2B56859-642E-4F15-A2AF-109798087666}.Debug|Any CPU.ActiveCfg = Debug|Any CPU
		{B2B56859-642E-4F15-A2AF-109798087666}.Debug|Any CPU.Build.0 = Debug|Any CPU
		{B2B56859-642E-4F15-A2AF-109798087666}.Release|Any CPU.ActiveCfg = Release|Any CPU
		{B2B56859-642E-4F15-A2AF-109798087666}.Release|Any CPU.Build.0 = Release|Any CPU
	EndGlobalSection
	GlobalSection(SolutionProperties) = preSolution
		HideSolutionNode = FALSE
	EndGlobalSection
	GlobalSection(ExtensibilityGlobals) = postSolution
		SolutionGuid = {B691BE9F-C8BE-43C2-AE60-66615BC8E0B0}
	EndGlobalSection
EndGlobal
